// !$*UTF8*$!
{
	archiveVersion = 1;
	classes = {
	};
	objectVersion = 46;
	objects = {

/* Begin PBXBuildFile section */
		6318F92F192290F20098BDA6 /* Foundation.framework in Frameworks */ = {isa = PBXBuildFile; fileRef = 6318F92E192290F20098BDA6 /* Foundation.framework */; };
		6318F931192290F20098BDA6 /* CoreGraphics.framework in Frameworks */ = {isa = PBXBuildFile; fileRef = 6318F930192290F20098BDA6 /* CoreGraphics.framework */; };
		6318F933192290F20098BDA6 /* UIKit.framework in Frameworks */ = {isa = PBXBuildFile; fileRef = 6318F932192290F20098BDA6 /* UIKit.framework */; };
		6318F939192290F20098BDA6 /* InfoPlist.strings in Resources */ = {isa = PBXBuildFile; fileRef = 6318F937192290F20098BDA6 /* InfoPlist.strings */; };
		6318F93B192290F20098BDA6 /* main.m in Sources */ = {isa = PBXBuildFile; fileRef = 6318F93A192290F20098BDA6 /* main.m */; };
		6318F93F192290F20098BDA6 /* XYZAppDelegate.m in Sources */ = {isa = PBXBuildFile; fileRef = 6318F93E192290F20098BDA6 /* XYZAppDelegate.m */; };
		6318F942192290F20098BDA6 /* Main.storyboard in Resources */ = {isa = PBXBuildFile; fileRef = 6318F940192290F20098BDA6 /* Main.storyboard */; };
		6318F945192290F20098BDA6 /* XYZViewController.m in Sources */ = {isa = PBXBuildFile; fileRef = 6318F944192290F20098BDA6 /* XYZViewController.m */; };
		6318F947192290F20098BDA6 /* Images.xcassets in Resources */ = {isa = PBXBuildFile; fileRef = 6318F946192290F20098BDA6 /* Images.xcassets */; };
		6318F94E192290F20098BDA6 /* XCTest.framework in Frameworks */ = {isa = PBXBuildFile; fileRef = 6318F94D192290F20098BDA6 /* XCTest.framework */; };
		6318F94F192290F20098BDA6 /* Foundation.framework in Frameworks */ = {isa = PBXBuildFile; fileRef = 6318F92E192290F20098BDA6 /* Foundation.framework */; };
		6318F950192290F20098BDA6 /* UIKit.framework in Frameworks */ = {isa = PBXBuildFile; fileRef = 6318F932192290F20098BDA6 /* UIKit.framework */; };
		6318F958192290F20098BDA6 /* InfoPlist.strings in Resources */ = {isa = PBXBuildFile; fileRef = 6318F956192290F20098BDA6 /* InfoPlist.strings */; };
		6318F95A192290F20098BDA6 /* Git_TestTests.m in Sources */ = {isa = PBXBuildFile; fileRef = 6318F959192290F20098BDA6 /* Git_TestTests.m */; };
/* End PBXBuildFile section */

/* Begin PBXContainerItemProxy section */
		6318F951192290F20098BDA6 /* PBXContainerItemProxy */ = {
			isa = PBXContainerItemProxy;
			containerPortal = 6318F923192290F20098BDA6 /* Project object */;
			proxyType = 1;
			remoteGlobalIDString = 6318F92A192290F20098BDA6;
			remoteInfo = "Git Test";
		};
/* End PBXContainerItemProxy section */

/* Begin PBXFileReference section */
		6318F92B192290F20098BDA6 /* Git Test.app */ = {isa = PBXFileReference; explicitFileType = wrapper.application; includeInIndex = 0; path = "Git Test.app"; sourceTree = BUILT_PRODUCTS_DIR; };
		6318F92E192290F20098BDA6 /* Foundation.framework */ = {isa = PBXFileReference; lastKnownFileType = wrapper.framework; name = Foundation.framework; path = System/Library/Frameworks/Foundation.framework; sourceTree = SDKROOT; };
		6318F930192290F20098BDA6 /* CoreGraphics.framework */ = {isa = PBXFileReference; lastKnownFileType = wrapper.framework; name = CoreGraphics.framework; path = System/Library/Frameworks/CoreGraphics.framework; sourceTree = SDKROOT; };
		6318F932192290F20098BDA6 /* UIKit.framework */ = {isa = PBXFileReference; lastKnownFileType = wrapper.framework; name = UIKit.framework; path = System/Library/Frameworks/UIKit.framework; sourceTree = SDKROOT; };
		6318F936192290F20098BDA6 /* Git Test-Info.plist */ = {isa = PBXFileReference; lastKnownFileType = text.plist.xml; path = "Git Test-Info.plist"; sourceTree = "<group>"; };
		6318F938192290F20098BDA6 /* en */ = {isa = PBXFileReference; lastKnownFileType = text.plist.strings; name = en; path = en.lproj/InfoPlist.strings; sourceTree = "<group>"; };
		6318F93A192290F20098BDA6 /* main.m */ = {isa = PBXFileReference; lastKnownFileType = sourcecode.c.objc; path = main.m; sourceTree = "<group>"; };
		6318F93C192290F20098BDA6 /* Git Test-Prefix.pch */ = {isa = PBXFileReference; lastKnownFileType = sourcecode.c.h; path = "Git Test-Prefix.pch"; sourceTree = "<group>"; };
		6318F93D192290F20098BDA6 /* XYZAppDelegate.h */ = {isa = PBXFileReference; lastKnownFileType = sourcecode.c.h; path = XYZAppDelegate.h; sourceTree = "<group>"; };
		6318F93E192290F20098BDA6 /* XYZAppDelegate.m */ = {isa = PBXFileReference; lastKnownFileType = sourcecode.c.objc; path = XYZAppDelegate.m; sourceTree = "<group>"; };
		6318F941192290F20098BDA6 /* Base */ = {isa = PBXFileReference; lastKnownFileType = file.storyboard; name = Base; path = Base.lproj/Main.storyboard; sourceTree = "<group>"; };
		6318F943192290F20098BDA6 /* XYZViewController.h */ = {isa = PBXFileReference; lastKnownFileType = sourcecode.c.h; path = XYZViewController.h; sourceTree = "<group>"; };
		6318F944192290F20098BDA6 /* XYZViewController.m */ = {isa = PBXFileReference; lastKnownFileType = sourcecode.c.objc; path = XYZViewController.m; sourceTree = "<group>"; };
		6318F946192290F20098BDA6 /* Images.xcassets */ = {isa = PBXFileReference; lastKnownFileType = folder.assetcatalog; path = Images.xcassets; sourceTree = "<group>"; };
		6318F94C192290F20098BDA6 /* Git TestTests.xctest */ = {isa = PBXFileReference; explicitFileType = wrapper.cfbundle; includeInIndex = 0; path = "Git TestTests.xctest"; sourceTree = BUILT_PRODUCTS_DIR; };
		6318F94D192290F20098BDA6 /* XCTest.framework */ = {isa = PBXFileReference; lastKnownFileType = wrapper.framework; name = XCTest.framework; path = Library/Frameworks/XCTest.framework; sourceTree = DEVELOPER_DIR; };
		6318F955192290F20098BDA6 /* Git TestTests-Info.plist */ = {isa = PBXFileReference; lastKnownFileType = text.plist.xml; path = "Git TestTests-Info.plist"; sourceTree = "<group>"; };
		6318F957192290F20098BDA6 /* en */ = {isa = PBXFileReference; lastKnownFileType = text.plist.strings; name = en; path = en.lproj/InfoPlist.strings; sourceTree = "<group>"; };
		6318F959192290F20098BDA6 /* Git_TestTests.m */ = {isa = PBXFileReference; lastKnownFileType = sourcecode.c.objc; path = Git_TestTests.m; sourceTree = "<group>"; };
/* End PBXFileReference section */

/* Begin PBXFrameworksBuildPhase section */
		6318F928192290F20098BDA6 /* Frameworks */ = {
			isa = PBXFrameworksBuildPhase;
			buildActionMask = 2147483647;
			files = (
				6318F931192290F20098BDA6 /* CoreGraphics.framework in Frameworks */,
				6318F933192290F20098BDA6 /* UIKit.framework in Frameworks */,
				6318F92F192290F20098BDA6 /* Foundation.framework in Frameworks */,
			);
			runOnlyForDeploymentPostprocessing = 0;
		};
		6318F949192290F20098BDA6 /* Frameworks */ = {
			isa = PBXFrameworksBuildPhase;
			buildActionMask = 2147483647;
			files = (
				6318F94E192290F20098BDA6 /* XCTest.framework in Frameworks */,
				6318F950192290F20098BDA6 /* UIKit.framework in Frameworks */,
				6318F94F192290F20098BDA6 /* Foundation.framework in Frameworks */,
			);
			runOnlyForDeploymentPostprocessing = 0;
		};
/* End PBXFrameworksBuildPhase section */

/* Begin PBXGroup section */
		6318F922192290F20098BDA6 = {
			isa = PBXGroup;
			children = (
				6318F934192290F20098BDA6 /* Git Test */,
				6318F953192290F20098BDA6 /* Git TestTests */,
				6318F92D192290F20098BDA6 /* Frameworks */,
				6318F92C192290F20098BDA6 /* Products */,
			);
			sourceTree = "<group>";
		};
		6318F92C192290F20098BDA6 /* Products */ = {
			isa = PBXGroup;
			children = (
				6318F92B192290F20098BDA6 /* Git Test.app */,
				6318F94C192290F20098BDA6 /* Git TestTests.xctest */,
			);
			name = Products;
			sourceTree = "<group>";
		};
		6318F92D192290F20098BDA6 /* Frameworks */ = {
			isa = PBXGroup;
			children = (
				6318F92E192290F20098BDA6 /* Foundation.framework */,
				6318F930192290F20098BDA6 /* CoreGraphics.framework */,
				6318F932192290F20098BDA6 /* UIKit.framework */,
				6318F94D192290F20098BDA6 /* XCTest.framework */,
			);
			name = Frameworks;
			sourceTree = "<group>";
		};
		6318F934192290F20098BDA6 /* Git Test */ = {
			isa = PBXGroup;
			children = (
				6318F93D192290F20098BDA6 /* XYZAppDelegate.h */,
				6318F93E192290F20098BDA6 /* XYZAppDelegate.m */,
				6318F940192290F20098BDA6 /* Main.storyboard */,
				6318F943192290F20098BDA6 /* XYZViewController.h */,
				6318F944192290F20098BDA6 /* XYZViewController.m */,
				6318F946192290F20098BDA6 /* Images.xcassets */,
				6318F935192290F20098BDA6 /* Supporting Files */,
			);
			path = "Git Test";
			sourceTree = "<group>";
		};
		6318F935192290F20098BDA6 /* Supporting Files */ = {
			isa = PBXGroup;
			children = (
				6318F936192290F20098BDA6 /* Git Test-Info.plist */,
				6318F937192290F20098BDA6 /* InfoPlist.strings */,
				6318F93A192290F20098BDA6 /* main.m */,
				6318F93C192290F20098BDA6 /* Git Test-Prefix.pch */,
			);
			name = "Supporting Files";
			sourceTree = "<group>";
		};
		6318F953192290F20098BDA6 /* Git TestTests */ = {
			isa = PBXGroup;
			children = (
				6318F959192290F20098BDA6 /* Git_TestTests.m */,
				6318F954192290F20098BDA6 /* Supporting Files */,
			);
			path = "Git TestTests";
			sourceTree = "<group>";
		};
		6318F954192290F20098BDA6 /* Supporting Files */ = {
			isa = PBXGroup;
			children = (
				6318F955192290F20098BDA6 /* Git TestTests-Info.plist */,
				6318F956192290F20098BDA6 /* InfoPlist.strings */,
			);
			name = "Supporting Files";
			sourceTree = "<group>";
		};
/* End PBXGroup section */

/* Begin PBXNativeTarget section */
		6318F92A192290F20098BDA6 /* Git Test */ = {
			isa = PBXNativeTarget;
			buildConfigurationList = 6318F95D192290F20098BDA6 /* Build configuration list for PBXNativeTarget "Git Test" */;
			buildPhases = (
				6318F927192290F20098BDA6 /* Sources */,
				6318F928192290F20098BDA6 /* Frameworks */,
				6318F929192290F20098BDA6 /* Resources */,
			);
			buildRules = (
			);
			dependencies = (
			);
			name = "Git Test";
			productName = "Git Test";
			productReference = 6318F92B192290F20098BDA6 /* Git Test.app */;
			productType = "com.apple.product-type.application";
		};
		6318F94B192290F20098BDA6 /* Git TestTests */ = {
			isa = PBXNativeTarget;
			buildConfigurationList = 6318F960192290F20098BDA6 /* Build configuration list for PBXNativeTarget "Git TestTests" */;
			buildPhases = (
				6318F948192290F20098BDA6 /* Sources */,
				6318F949192290F20098BDA6 /* Frameworks */,
				6318F94A192290F20098BDA6 /* Resources */,
			);
			buildRules = (
			);
			dependencies = (
				6318F952192290F20098BDA6 /* PBXTargetDependency */,
			);
			name = "Git TestTests";
			productName = "Git TestTests";
			productReference = 6318F94C192290F20098BDA6 /* Git TestTests.xctest */;
			productType = "com.apple.product-type.bundle.unit-test";
		};
/* End PBXNativeTarget section */

/* Begin PBXProject section */
		6318F923192290F20098BDA6 /* Project object */ = {
			isa = PBXProject;
			attributes = {
				CLASSPREFIX = XYZ;
				LastUpgradeCheck = 0510;
				ORGANIZATIONNAME = "Blue Plus Technologies";
				TargetAttributes = {
					6318F94B192290F20098BDA6 = {
						TestTargetID = 6318F92A192290F20098BDA6;
					};
				};
			};
			buildConfigurationList = 6318F926192290F20098BDA6 /* Build configuration list for PBXProject "Git Test" */;
			compatibilityVersion = "Xcode 3.2";
			developmentRegion = English;
			hasScannedForEncodings = 0;
			knownRegions = (
				en,
				Base,
			);
			mainGroup = 6318F922192290F20098BDA6;
			productRefGroup = 6318F92C192290F20098BDA6 /* Products */;
			projectDirPath = "";
			projectRoot = "";
			targets = (
				6318F92A192290F20098BDA6 /* Git Test */,
				6318F94B192290F20098BDA6 /* Git TestTests */,
			);
		};
/* End PBXProject section */

/* Begin PBXResourcesBuildPhase section */
		6318F929192290F20098BDA6 /* Resources */ = {
			isa = PBXResourcesBuildPhase;
			buildActionMask = 2147483647;
			files = (
				6318F947192290F20098BDA6 /* Images.xcassets in Resources */,
				6318F939192290F20098BDA6 /* InfoPlist.strings in Resources */,
				6318F942192290F20098BDA6 /* Main.storyboard in Resources */,
			);
			runOnlyForDeploymentPostprocessing = 0;
		};
		6318F94A192290F20098BDA6 /* Resources */ = {
			isa = PBXResourcesBuildPhase;
			buildActionMask = 2147483647;
			files = (
				6318F958192290F20098BDA6 /* InfoPlist.strings in Resources */,
			);
			runOnlyForDeploymentPostprocessing = 0;
		};
/* End PBXResourcesBuildPhase section */

/* Begin PBXSourcesBuildPhase section */
		6318F927192290F20098BDA6 /* Sources */ = {
			isa = PBXSourcesBuildPhase;
			buildActionMask = 2147483647;
			files = (
				6318F945192290F20098BDA6 /* XYZViewController.m in Sources */,
				6318F93F192290F20098BDA6 /* XYZAppDelegate.m in Sources */,
				6318F93B192290F20098BDA6 /* main.m in Sources */,
			);
			runOnlyForDeploymentPostprocessing = 0;
		};
		6318F948192290F20098BDA6 /* Sources */ = {
			isa = PBXSourcesBuildPhase;
			buildActionMask = 2147483647;
			files = (
				6318F95A192290F20098BDA6 /* Git_TestTests.m in Sources */,
			);
			runOnlyForDeploymentPostprocessing = 0;
		};
/* End PBXSourcesBuildPhase section */

/* Begin PBXTargetDependency section */
		6318F952192290F20098BDA6 /* PBXTargetDependency */ = {
			isa = PBXTargetDependency;
			target = 6318F92A192290F20098BDA6 /* Git Test */;
			targetProxy = 6318F951192290F20098BDA6 /* PBXContainerItemProxy */;
		};
/* End PBXTargetDependency section */

/* Begin PBXVariantGroup section */
		6318F937192290F20098BDA6 /* InfoPlist.strings */ = {
			isa = PBXVariantGroup;
			children = (
				6318F938192290F20098BDA6 /* en */,
			);
			name = InfoPlist.strings;
			sourceTree = "<group>";
		};
		6318F940192290F20098BDA6 /* Main.storyboard */ = {
			isa = PBXVariantGroup;
			children = (
				6318F941192290F20098BDA6 /* Base */,
			);
			name = Main.storyboard;
			sourceTree = "<group>";
		};
		6318F956192290F20098BDA6 /* InfoPlist.strings */ = {
			isa = PBXVariantGroup;
			children = (
				6318F957192290F20098BDA6 /* en */,
			);
			name = InfoPlist.strings;
			sourceTree = "<group>";
		};
/* End PBXVariantGroup section */

/* Begin XCBuildConfiguration section */
		6318F95B192290F20098BDA6 /* Debug */ = {
			isa = XCBuildConfiguration;
			buildSettings = {
				ALWAYS_SEARCH_USER_PATHS = NO;
				CLANG_CXX_LANGUAGE_STANDARD = "gnu++0x";
				CLANG_CXX_LIBRARY = "libc++";
				CLANG_ENABLE_MODULES = YES;
				CLANG_ENABLE_OBJC_ARC = YES;
				CLANG_WARN_BOOL_CONVERSION = YES;
				CLANG_WARN_CONSTANT_CONVERSION = YES;
				CLANG_WARN_DIRECT_OBJC_ISA_USAGE = YES_ERROR;
				CLANG_WARN_EMPTY_BODY = YES;
				CLANG_WARN_ENUM_CONVERSION = YES;
				CLANG_WARN_INT_CONVERSION = YES;
				CLANG_WARN_OBJC_ROOT_CLASS = YES_ERROR;
				CLANG_WARN__DUPLICATE_METHOD_MATCH = YES;
				"CODE_SIGN_IDENTITY[sdk=iphoneos*]" = "iPhone Developer";
				COPY_PHASE_STRIP = NO;
				GCC_C_LANGUAGE_STANDARD = gnu99;
				GCC_DYNAMIC_NO_PIC = NO;
				GCC_OPTIMIZATION_LEVEL = 0;
				GCC_PREPROCESSOR_DEFINITIONS = (
					"DEBUG=1",
					"$(inherited)",
				);
				GCC_SYMBOLS_PRIVATE_EXTERN = NO;
				GCC_WARN_64_TO_32_BIT_CONVERSION = YES;
				GCC_WARN_ABOUT_RETURN_TYPE = YES_ERROR;
				GCC_WARN_UNDECLARED_SELECTOR = YES;
				GCC_WARN_UNINITIALIZED_AUTOS = YES_AGGRESSIVE;
				GCC_WARN_UNUSED_FUNCTION = YES;
				GCC_WARN_UNUSED_VARIABLE = YES;
				IPHONEOS_DEPLOYMENT_TARGET = 7.1;
				ONLY_ACTIVE_ARCH = YES;
				SDKROOT = iphoneos;
			};
			name = Debug;
		};
		6318F95C192290F20098BDA6 /* Release */ = {
			isa = XCBuildConfiguration;
			buildSettings = {
				ALWAYS_SEARCH_USER_PATHS = NO;
				CLANG_CXX_LANGUAGE_STANDARD = "gnu++0x";
				CLANG_CXX_LIBRARY = "libc++";
				CLANG_ENABLE_MODULES = YES;
				CLANG_ENABLE_OBJC_ARC = YES;
				CLANG_WARN_BOOL_CONVERSION = YES;
				CLANG_WARN_CONSTANT_CONVERSION = YES;
				CLANG_WARN_DIRECT_OBJC_ISA_USAGE = YES_ERROR;
				CLANG_WARN_EMPTY_BODY = YES;
				CLANG_WARN_ENUM_CONVERSION = YES;
				CLANG_WARN_INT_CONVERSION = YES;
				CLANG_WARN_OBJC_ROOT_CLASS = YES_ERROR;
				CLANG_WARN__DUPLICATE_METHOD_MATCH = YES;
				"CODE_SIGN_IDENTITY[sdk=iphoneos*]" = "iPhone Developer";
				COPY_PHASE_STRIP = YES;
				ENABLE_NS_ASSERTIONS = NO;
				GCC_C_LANGUAGE_STANDARD = gnu99;
				GCC_WARN_64_TO_32_BIT_CONVERSION = YES;
				GCC_WARN_ABOUT_RETURN_TYPE = YES_ERROR;
				GCC_WARN_UNDECLARED_SELECTOR = YES;
				GCC_WARN_UNINITIALIZED_AUTOS = YES_AGGRESSIVE;
				GCC_WARN_UNUSED_FUNCTION = YES;
				GCC_WARN_UNUSED_VARIABLE = YES;
				IPHONEOS_DEPLOYMENT_TARGET = 7.1;
				SDKROOT = iphoneos;
				VALIDATE_PRODUCT = YES;
			};
			name = Release;
		};
		6318F95E192290F20098BDA6 /* Debug */ = {
			isa = XCBuildConfiguration;
			buildSettings = {
				ASSETCATALOG_COMPILER_APPICON_NAME = AppIcon;
				ASSETCATALOG_COMPILER_LAUNCHIMAGE_NAME = LaunchImage;
				GCC_PRECOMPILE_PREFIX_HEADER = YES;
				GCC_PREFIX_HEADER = "Git Test/Git Test-Prefix.pch";
				INFOPLIST_FILE = "Git Test/Git Test-Info.plist";
				PRODUCT_NAME = "$(TARGET_NAME)";
				WRAPPER_EXTENSION = app;
			};
			name = Debug;
		};
		6318F95F192290F20098BDA6 /* Release */ = {
			isa = XCBuildConfiguration;
			buildSettings = {
				ASSETCATALOG_COMPILER_APPICON_NAME = AppIcon;
				ASSETCATALOG_COMPILER_LAUNCHIMAGE_NAME = LaunchImage;
				GCC_PRECOMPILE_PREFIX_HEADER = YES;
				GCC_PREFIX_HEADER = "Git Test/Git Test-Prefix.pch";
				INFOPLIST_FILE = "Git Test/Git Test-Info.plist";
				PRODUCT_NAME = "$(TARGET_NAME)";
				WRAPPER_EXTENSION = app;
			};
			name = Release;
		};
		6318F961192290F20098BDA6 /* Debug */ = {
			isa = XCBuildConfiguration;
			buildSettings = {
				BUNDLE_LOADER = "$(BUILT_PRODUCTS_DIR)/Git Test.app/Git Test";
				FRAMEWORK_SEARCH_PATHS = (
					"$(SDKROOT)/Developer/Library/Frameworks",
					"$(inherited)",
					"$(DEVELOPER_FRAMEWORKS_DIR)",
				);
				GCC_PRECOMPILE_PREFIX_HEADER = YES;
				GCC_PREFIX_HEADER = "Git Test/Git Test-Prefix.pch";
				GCC_PREPROCESSOR_DEFINITIONS = (
					"DEBUG=1",
					"$(inherited)",
				);
				INFOPLIST_FILE = "Git TestTests/Git TestTests-Info.plist";
				PRODUCT_NAME = "$(TARGET_NAME)";
				TEST_HOST = "$(BUNDLE_LOADER)";
				WRAPPER_EXTENSION = xctest;
			};
			name = Debug;
		};
		6318F962192290F20098BDA6 /* Release */ = {
			isa = XCBuildConfiguration;
			buildSettings = {
				BUNDLE_LOADER = "$(BUILT_PRODUCTS_DIR)/Git Test.app/Git Test";
				FRAMEWORK_SEARCH_PATHS = (
					"$(SDKROOT)/Developer/Library/Frameworks",
					"$(inherited)",
					"$(DEVELOPER_FRAMEWORKS_DIR)",
				);
				GCC_PRECOMPILE_PREFIX_HEADER = YES;
				GCC_PREFIX_HEADER = "Git Test/Git Test-Prefix.pch";
				INFOPLIST_FILE = "Git TestTests/Git TestTests-Info.plist";
				PRODUCT_NAME = "$(TARGET_NAME)";
				TEST_HOST = "$(BUNDLE_LOADER)";
				WRAPPER_EXTENSION = xctest;
			};
			name = Release;
		};
/* End XCBuildConfiguration section */

/* Begin XCConfigurationList section */
		6318F926192290F20098BDA6 /* Build configuration list for PBXProject "Git Test" */ = {
			isa = XCConfigurationList;
			buildConfigurations = (
				6318F95B192290F20098BDA6 /* Debug */,
				6318F95C192290F20098BDA6 /* Release */,
			);
			defaultConfigurationIsVisible = 0;
			defaultConfigurationName = Release;
		};
		6318F95D192290F20098BDA6 /* Build configuration list for PBXNativeTarget "Git Test" */ = {
			isa = XCConfigurationList;
			buildConfigurations = (
				6318F95E192290F20098BDA6 /* Debug */,
				6318F95F192290F20098BDA6 /* Release */,
			);
			defaultConfigurationIsVisible = 0;
		};
		6318F960192290F20098BDA6 /* Build configuration list for PBXNativeTarget "Git TestTests" */ = {
			isa = XCConfigurationList;
			buildConfigurations = (
				6318F961192290F20098BDA6 /* Debug */,
				6318F962192290F20098BDA6 /* Release */,
			);
			defaultConfigurationIsVisible = 0;
		};
/* End XCConfigurationList section */
	};
	rootObject = 6318F923192290F20098BDA6 /* Project object */;
}
